
Microsoft Visual Studio Solution File, Format Version 12.00
# Visual Studio Version 17
VisualStudioVersion = 17.7.34031.279
MinimumVisualStudioVersion = 10.0.40219.1
Project("{9A19103F-16F7-4668-BE54-9A1E7A4F7556}") = "Primo", "ConsoleApp2\Primo.csproj", "{470B1ED9-A971-4766-9B91-27C5D6D28FED}"
EndProject
Project("{9A19103F-16F7-4668-BE54-9A1E7A4F7556}") = "Par", "Par\Par.csproj", "{8C02C1EA-C928-4299-8E3C-0ABBFA7C348A}"
EndProject
Project("{9A19103F-16F7-4668-BE54-9A1E7A4F7556}") = "EntradaPantalla", "EntradaPantalla\EntradaPantalla.csproj", "{972DE750-DE43-4E59-A40D-7F8086EC8877}"
EndProject
Project("{9A19103F-16F7-4668-BE54-9A1E7A4F7556}") = "Media", "Media\Media.csproj", "{F653254D-3FF4-4C34-8531-77805C07E529}"
EndProject
Project("{9A19103F-16F7-4668-BE54-9A1E7A4F7556}") = "Monedas", "Monedas\Monedas.csproj", "{EDF233E9-3E3E-47F1-9539-4B39033B865C}"
EndProject
Global
	GlobalSection(SolutionConfigurationPlatforms) = preSolution
		Debug|Any CPU = Debug|Any CPU
		Release|Any CPU = Release|Any CPU
	EndGlobalSection
	GlobalSection(ProjectConfigurationPlatforms) = postSolution
		{470B1ED9-A971-4766-9B91-27C5D6D28FED}.Debug|Any CPU.ActiveCfg = Debug|Any CPU
		{470B1ED9-A971-4766-9B91-27C5D6D28FED}.Debug|Any CPU.Build.0 = Debug|Any CPU
		{470B1ED9-A971-4766-9B91-27C5D6D28FED}.Release|Any CPU.ActiveCfg = Release|Any CPU
		{470B1ED9-A971-4766-9B91-27C5D6D28FED}.Release|Any CPU.Build.0 = Release|Any CPU
		{8C02C1EA-C928-4299-8E3C-0ABBFA7C348A}.Debug|Any CPU.ActiveCfg = Debug|Any CPU
		{8C02C1EA-C928-4299-8E3C-0ABBFA7C348A}.Debug|Any CPU.Build.0 = Debug|Any CPU
		{8C02C1EA-C928-4299-8E3C-0ABBFA7C348A}.Release|Any CPU.ActiveCfg = Release|Any CPU
		{8C02C1EA-C928-4299-8E3C-0ABBFA7C348A}.Release|Any CPU.Build.0 = Release|Any CPU
		{972DE750-DE43-4E59-A40D-7F8086EC8877}.Debug|Any CPU.ActiveCfg = Debug|Any CPU
		{972DE750-DE43-4E59-A40D-7F8086EC8877}.Debug|Any CPU.Build.0 = Debug|Any CPU
		{972DE750-DE43-4E59-A40D-7F8086EC8877}.Release|Any CPU.ActiveCfg = Release|Any CPU
		{972DE750-DE43-4E59-A40D-7F8086EC8877}.Release|Any CPU.Build.0 = Release|Any CPU
		{F653254D-3FF4-4C34-8531-77805C07E529}.Debug|Any CPU.ActiveCfg = Debug|Any CPU
		{F653254D-3FF4-4C34-8531-77805C07E529}.Debug|Any CPU.Build.0 = Debug|Any CPU
		{F653254D-3FF4-4C34-8531-77805C07E529}.Release|Any CPU.ActiveCfg = Release|Any CPU
		{F653254D-3FF4-4C34-8531-77805C07E529}.Release|Any CPU.Build.0 = Release|Any CPU
		{EDF233E9-3E3E-47F1-9539-4B39033B865C}.Debug|Any CPU.ActiveCfg = Debug|Any CPU
		{EDF233E9-3E3E-47F1-9539-4B39033B865C}.Debug|Any CPU.Build.0 = Debug|Any CPU
		{EDF233E9-3E3E-47F1-9539-4B39033B865C}.Release|Any CPU.ActiveCfg = Release|Any CPU
		{EDF233E9-3E3E-47F1-9539-4B39033B865C}.Release|Any CPU.Build.0 = Release|Any CPU
	EndGlobalSection
	GlobalSection(SolutionProperties) = preSolution
		HideSolutionNode = FALSE
	EndGlobalSection
	GlobalSection(ExtensibilityGlobals) = postSolution
		SolutionGuid = {C844A6B8-5563-4490-B6F2-6E0C41B07D72}
	EndGlobalSection
EndGlobal
